// !$*UTF8*$!
{
	archiveVersion = 1;
	classes = {
	};
	objectVersion = 46;
	objects = {

/* Begin PBXBuildFile section */
		71547A811D752A4300264B67 /* AppDelegate.swift in Sources */ = {isa = PBXBuildFile; fileRef = 71547A801D752A4300264B67 /* AppDelegate.swift */; };
		71547A831D752A4300264B67 /* ViewController.swift in Sources */ = {isa = PBXBuildFile; fileRef = 71547A821D752A4300264B67 /* ViewController.swift */; };
		71547A891D752A4300264B67 /* BallClub.xcdatamodeld in Sources */ = {isa = PBXBuildFile; fileRef = 71547A871D752A4300264B67 /* BallClub.xcdatamodeld */; };
		71547A8B1D752A4300264B67 /* Assets.xcassets in Resources */ = {isa = PBXBuildFile; fileRef = 71547A8A1D752A4300264B67 /* Assets.xcassets */; };
		71547A8E1D752A4300264B67 /* LaunchScreen.storyboard in Resources */ = {isa = PBXBuildFile; fileRef = 71547A8C1D752A4300264B67 /* LaunchScreen.storyboard */; };
		71547A9D1D75346700264B67 /* Game.storyboard in Resources */ = {isa = PBXBuildFile; fileRef = 71547A9A1D75346700264B67 /* Game.storyboard */; };
		71547A9E1D75346700264B67 /* Login.storyboard in Resources */ = {isa = PBXBuildFile; fileRef = 71547A9B1D75346700264B67 /* Login.storyboard */; };
		71547A9F1D75346700264B67 /* Main.storyboard in Resources */ = {isa = PBXBuildFile; fileRef = 71547A9C1D75346700264B67 /* Main.storyboard */; };
		71547AA11D7534CD00264B67 /* Maps.storyboard in Resources */ = {isa = PBXBuildFile; fileRef = 71547AA01D7534CD00264B67 /* Maps.storyboard */; };
		71547AA31D7534F100264B67 /* User.storyboard in Resources */ = {isa = PBXBuildFile; fileRef = 71547AA21D7534F100264B67 /* User.storyboard */; };
		71547AA51D75351100264B67 /* Feeds.storyboard in Resources */ = {isa = PBXBuildFile; fileRef = 71547AA41D75351100264B67 /* Feeds.storyboard */; };
		71547AF91D753BF900264B67 /* FeedsViewController.swift in Sources */ = {isa = PBXBuildFile; fileRef = 71547AF81D753BF900264B67 /* FeedsViewController.swift */; };
		71547AFB1D753C0600264B67 /* GamesViewController.swift in Sources */ = {isa = PBXBuildFile; fileRef = 71547AFA1D753C0600264B67 /* GamesViewController.swift */; };
		71547AFD1D753C1200264B67 /* LoginViewController.swift in Sources */ = {isa = PBXBuildFile; fileRef = 71547AFC1D753C1200264B67 /* LoginViewController.swift */; };
		71547AFF1D753C1C00264B67 /* MapsViewController.swift in Sources */ = {isa = PBXBuildFile; fileRef = 71547AFE1D753C1C00264B67 /* MapsViewController.swift */; };
		71547B011D753C2900264B67 /* MessagingViewController.swift in Sources */ = {isa = PBXBuildFile; fileRef = 71547B001D753C2900264B67 /* MessagingViewController.swift */; };
		71547B031D753C3300264B67 /* UserViewController.swift in Sources */ = {isa = PBXBuildFile; fileRef = 71547B021D753C3300264B67 /* UserViewController.swift */; };
		71547B2B1D75949800264B67 /* CreateGameViewController.swift in Sources */ = {isa = PBXBuildFile; fileRef = 71547B2A1D75949800264B67 /* CreateGameViewController.swift */; };
/* End PBXBuildFile section */

/* Begin PBXFileReference section */
		71547A7D1D752A4300264B67 /* BallClub.app */ = {isa = PBXFileReference; explicitFileType = wrapper.application; includeInIndex = 0; path = BallClub.app; sourceTree = BUILT_PRODUCTS_DIR; };
		71547A801D752A4300264B67 /* AppDelegate.swift */ = {isa = PBXFileReference; lastKnownFileType = sourcecode.swift; path = AppDelegate.swift; sourceTree = "<group>"; };
		71547A821D752A4300264B67 /* ViewController.swift */ = {isa = PBXFileReference; lastKnownFileType = sourcecode.swift; path = ViewController.swift; sourceTree = "<group>"; };
		71547A881D752A4300264B67 /* BallClub.xcdatamodel */ = {isa = PBXFileReference; lastKnownFileType = wrapper.xcdatamodel; path = BallClub.xcdatamodel; sourceTree = "<group>"; };
		71547A8A1D752A4300264B67 /* Assets.xcassets */ = {isa = PBXFileReference; lastKnownFileType = folder.assetcatalog; path = Assets.xcassets; sourceTree = "<group>"; };
		71547A8D1D752A4300264B67 /* Base */ = {isa = PBXFileReference; lastKnownFileType = file.storyboard; name = Base; path = Base.lproj/LaunchScreen.storyboard; sourceTree = "<group>"; };
		71547A8F1D752A4300264B67 /* Info.plist */ = {isa = PBXFileReference; lastKnownFileType = text.plist.xml; path = Info.plist; sourceTree = "<group>"; };
		71547A9A1D75346700264B67 /* Game.storyboard */ = {isa = PBXFileReference; fileEncoding = 4; lastKnownFileType = file.storyboard; path = Game.storyboard; sourceTree = "<group>"; };
		71547A9B1D75346700264B67 /* Login.storyboard */ = {isa = PBXFileReference; fileEncoding = 4; lastKnownFileType = file.storyboard; path = Login.storyboard; sourceTree = "<group>"; };
		71547A9C1D75346700264B67 /* Main.storyboard */ = {isa = PBXFileReference; fileEncoding = 4; lastKnownFileType = file.storyboard; path = Main.storyboard; sourceTree = "<group>"; };
		71547AA01D7534CD00264B67 /* Maps.storyboard */ = {isa = PBXFileReference; fileEncoding = 4; lastKnownFileType = file.storyboard; path = Maps.storyboard; sourceTree = "<group>"; };
		71547AA21D7534F100264B67 /* User.storyboard */ = {isa = PBXFileReference; fileEncoding = 4; lastKnownFileType = file.storyboard; path = User.storyboard; sourceTree = "<group>"; };
		71547AA41D75351100264B67 /* Feeds.storyboard */ = {isa = PBXFileReference; fileEncoding = 4; lastKnownFileType = file.storyboard; path = Feeds.storyboard; sourceTree = "<group>"; };
		71547AF81D753BF900264B67 /* FeedsViewController.swift */ = {isa = PBXFileReference; fileEncoding = 4; lastKnownFileType = sourcecode.swift; path = FeedsViewController.swift; sourceTree = "<group>"; };
		71547AFA1D753C0600264B67 /* GamesViewController.swift */ = {isa = PBXFileReference; fileEncoding = 4; lastKnownFileType = sourcecode.swift; path = GamesViewController.swift; sourceTree = "<group>"; };
		71547AFC1D753C1200264B67 /* LoginViewController.swift */ = {isa = PBXFileReference; fileEncoding = 4; lastKnownFileType = sourcecode.swift; path = LoginViewController.swift; sourceTree = "<group>"; };
		71547AFE1D753C1C00264B67 /* MapsViewController.swift */ = {isa = PBXFileReference; fileEncoding = 4; lastKnownFileType = sourcecode.swift; path = MapsViewController.swift; sourceTree = "<group>"; };
		71547B001D753C2900264B67 /* MessagingViewController.swift */ = {isa = PBXFileReference; fileEncoding = 4; lastKnownFileType = sourcecode.swift; path = MessagingViewController.swift; sourceTree = "<group>"; };
		71547B021D753C3300264B67 /* UserViewController.swift */ = {isa = PBXFileReference; fileEncoding = 4; lastKnownFileType = sourcecode.swift; path = UserViewController.swift; sourceTree = "<group>"; };
		71547B2A1D75949800264B67 /* CreateGameViewController.swift */ = {isa = PBXFileReference; fileEncoding = 4; lastKnownFileType = sourcecode.swift; path = CreateGameViewController.swift; sourceTree = "<group>"; };
/* End PBXFileReference section */

/* Begin PBXFrameworksBuildPhase section */
		71547A7A1D752A4300264B67 /* Frameworks */ = {
			isa = PBXFrameworksBuildPhase;
			buildActionMask = 2147483647;
			files = (
			);
			runOnlyForDeploymentPostprocessing = 0;
		};
/* End PBXFrameworksBuildPhase section */

/* Begin PBXGroup section */
		71547A741D752A4300264B67 = {
			isa = PBXGroup;
			children = (
				71547A7F1D752A4300264B67 /* BallClub */,
				71547A7E1D752A4300264B67 /* Products */,
			);
			sourceTree = "<group>";
		};
		71547A7E1D752A4300264B67 /* Products */ = {
			isa = PBXGroup;
			children = (
				71547A7D1D752A4300264B67 /* BallClub.app */,
			);
			name = Products;
			sourceTree = "<group>";
		};
		71547A7F1D752A4300264B67 /* BallClub */ = {
			isa = PBXGroup;
			children = (
				71547A991D75346700264B67 /* Storyboards */,
				71547AF71D753A9A00264B67 /* Models */,
				71547AF61D753A9A00264B67 /* Custom Views */,
				71547AEF1D753A9A00264B67 /* Controllers */,
				71547A801D752A4300264B67 /* AppDelegate.swift */,
				71547A821D752A4300264B67 /* ViewController.swift */,
				71547A8A1D752A4300264B67 /* Assets.xcassets */,
				71547A8C1D752A4300264B67 /* LaunchScreen.storyboard */,
				71547A8F1D752A4300264B67 /* Info.plist */,
				71547A871D752A4300264B67 /* BallClub.xcdatamodeld */,
			);
			path = BallClub;
			sourceTree = "<group>";
		};
		71547A991D75346700264B67 /* Storyboards */ = {
			isa = PBXGroup;
			children = (
				71547A9A1D75346700264B67 /* Game.storyboard */,
				71547A9B1D75346700264B67 /* Login.storyboard */,
				71547A9C1D75346700264B67 /* Main.storyboard */,
				71547AA01D7534CD00264B67 /* Maps.storyboard */,
				71547AA21D7534F100264B67 /* User.storyboard */,
				71547AA41D75351100264B67 /* Feeds.storyboard */,
			);
			path = Storyboards;
			sourceTree = "<group>";
		};
		71547AEF1D753A9A00264B67 /* Controllers */ = {
			isa = PBXGroup;
			children = (
				71547AF01D753A9A00264B67 /* Feeds */,
				71547AF11D753A9A00264B67 /* Games */,
				71547AF21D753A9A00264B67 /* Login */,
				71547AF31D753A9A00264B67 /* Maps */,
				71547AF41D753A9A00264B67 /* Messaging */,
				71547AF51D753A9A00264B67 /* User */,
			);
			path = Controllers;
			sourceTree = "<group>";
		};
		71547AF01D753A9A00264B67 /* Feeds */ = {
			isa = PBXGroup;
			children = (
				71547AF81D753BF900264B67 /* FeedsViewController.swift */,
			);
			path = Feeds;
			sourceTree = "<group>";
		};
		71547AF11D753A9A00264B67 /* Games */ = {
			isa = PBXGroup;
			children = (
				71547AFA1D753C0600264B67 /* GamesViewController.swift */,
				71547B2A1D75949800264B67 /* CreateGameViewController.swift */,
			);
			path = Games;
			sourceTree = "<group>";
		};
		71547AF21D753A9A00264B67 /* Login */ = {
			isa = PBXGroup;
			children = (
				71547AFC1D753C1200264B67 /* LoginViewController.swift */,
			);
			path = Login;
			sourceTree = "<group>";
		};
		71547AF31D753A9A00264B67 /* Maps */ = {
			isa = PBXGroup;
			children = (
				71547AFE1D753C1C00264B67 /* MapsViewController.swift */,
			);
			path = Maps;
			sourceTree = "<group>";
		};
		71547AF41D753A9A00264B67 /* Messaging */ = {
			isa = PBXGroup;
			children = (
				71547B001D753C2900264B67 /* MessagingViewController.swift */,
			);
			path = Messaging;
			sourceTree = "<group>";
		};
		71547AF51D753A9A00264B67 /* User */ = {
			isa = PBXGroup;
			children = (
				71547B021D753C3300264B67 /* UserViewController.swift */,
			);
			path = User;
			sourceTree = "<group>";
		};
		71547AF61D753A9A00264B67 /* Custom Views */ = {
			isa = PBXGroup;
			children = (
				71547B041D75604000264B67 /* Feeds */,
				71547B051D75604000264B67 /* Games */,
				71547B061D75604000264B67 /* Login */,
				71547B071D75604000264B67 /* Maps */,
				71547B081D75604000264B67 /* User */,
			);
			path = "Custom Views";
			sourceTree = "<group>";
		};
		71547AF71D753A9A00264B67 /* Models */ = {
			isa = PBXGroup;
			children = (
			);
			path = Models;
			sourceTree = "<group>";
		};
		71547B041D75604000264B67 /* Feeds */ = {
			isa = PBXGroup;
			children = (
			);
			path = Feeds;
			sourceTree = "<group>";
		};
		71547B051D75604000264B67 /* Games */ = {
			isa = PBXGroup;
			children = (
			);
			path = Games;
			sourceTree = "<group>";
		};
		71547B061D75604000264B67 /* Login */ = {
			isa = PBXGroup;
			children = (
			);
			path = Login;
			sourceTree = "<group>";
		};
		71547B071D75604000264B67 /* Maps */ = {
			isa = PBXGroup;
			children = (
			);
			path = Maps;
			sourceTree = "<group>";
		};
		71547B081D75604000264B67 /* User */ = {
			isa = PBXGroup;
			children = (
			);
			path = User;
			sourceTree = "<group>";
		};
/* End PBXGroup section */

/* Begin PBXNativeTarget section */
		71547A7C1D752A4300264B67 /* BallClub */ = {
			isa = PBXNativeTarget;
			buildConfigurationList = 71547A921D752A4300264B67 /* Build configuration list for PBXNativeTarget "BallClub" */;
			buildPhases = (
				71547A791D752A4300264B67 /* Sources */,
				71547A7A1D752A4300264B67 /* Frameworks */,
				71547A7B1D752A4300264B67 /* Resources */,
			);
			buildRules = (
			);
			dependencies = (
			);
			name = BallClub;
			productName = BallClub;
			productReference = 71547A7D1D752A4300264B67 /* BallClub.app */;
			productType = "com.apple.product-type.application";
		};
/* End PBXNativeTarget section */

/* Begin PBXProject section */
		71547A751D752A4300264B67 /* Project object */ = {
			isa = PBXProject;
			attributes = {
				LastSwiftUpdateCheck = 0730;
				LastUpgradeCheck = 0730;
				ORGANIZATIONNAME = "Geraldine Forto";
				TargetAttributes = {
					71547A7C1D752A4300264B67 = {
						CreatedOnToolsVersion = 7.3;
					};
				};
			};
			buildConfigurationList = 71547A781D752A4300264B67 /* Build configuration list for PBXProject "BallClub" */;
			compatibilityVersion = "Xcode 3.2";
			developmentRegion = English;
			hasScannedForEncodings = 0;
			knownRegions = (
				en,
				Base,
			);
			mainGroup = 71547A741D752A4300264B67;
			productRefGroup = 71547A7E1D752A4300264B67 /* Products */;
			projectDirPath = "";
			projectRoot = "";
			targets = (
				71547A7C1D752A4300264B67 /* BallClub */,
			);
		};
/* End PBXProject section */

/* Begin PBXResourcesBuildPhase section */
		71547A7B1D752A4300264B67 /* Resources */ = {
			isa = PBXResourcesBuildPhase;
			buildActionMask = 2147483647;
			files = (
				71547AA51D75351100264B67 /* Feeds.storyboard in Resources */,
				71547A9D1D75346700264B67 /* Game.storyboard in Resources */,
				71547AA11D7534CD00264B67 /* Maps.storyboard in Resources */,
				71547A8E1D752A4300264B67 /* LaunchScreen.storyboard in Resources */,
				71547A8B1D752A4300264B67 /* Assets.xcassets in Resources */,
				71547A9F1D75346700264B67 /* Main.storyboard in Resources */,
				71547AA31D7534F100264B67 /* User.storyboard in Resources */,
				71547A9E1D75346700264B67 /* Login.storyboard in Resources */,
			);
			runOnlyForDeploymentPostprocessing = 0;
		};
/* End PBXResourcesBuildPhase section */

/* Begin PBXSourcesBuildPhase section */
		71547A791D752A4300264B67 /* Sources */ = {
			isa = PBXSourcesBuildPhase;
			buildActionMask = 2147483647;
			files = (
				71547AFD1D753C1200264B67 /* LoginViewController.swift in Sources */,
				71547B031D753C3300264B67 /* UserViewController.swift in Sources */,
				71547A831D752A4300264B67 /* ViewController.swift in Sources */,
				71547AFF1D753C1C00264B67 /* MapsViewController.swift in Sources */,
				71547B2B1D75949800264B67 /* CreateGameViewController.swift in Sources */,
				71547A811D752A4300264B67 /* AppDelegate.swift in Sources */,
				71547AF91D753BF900264B67 /* FeedsViewController.swift in Sources */,
				71547B011D753C2900264B67 /* MessagingViewController.swift in Sources */,
				71547A891D752A4300264B67 /* BallClub.xcdatamodeld in Sources */,
				71547AFB1D753C0600264B67 /* GamesViewController.swift in Sources */,
			);
			runOnlyForDeploymentPostprocessing = 0;
		};
/* End PBXSourcesBuildPhase section */

/* Begin PBXVariantGroup section */
		71547A8C1D752A4300264B67 /* LaunchScreen.storyboard */ = {
			isa = PBXVariantGroup;
			children = (
				71547A8D1D752A4300264B67 /* Base */,
			);
			name = LaunchScreen.storyboard;
			sourceTree = "<group>";
		};
/* End PBXVariantGroup section */

/* Begin XCBuildConfiguration section */
		71547A901D752A4300264B67 /* Debug */ = {
			isa = XCBuildConfiguration;
			buildSettings = {
				ALWAYS_SEARCH_USER_PATHS = NO;
				CLANG_ANALYZER_NONNULL = YES;
				CLANG_CXX_LANGUAGE_STANDARD = "gnu++0x";
				CLANG_CXX_LIBRARY = "libc++";
				CLANG_ENABLE_MODULES = YES;
				CLANG_ENABLE_OBJC_ARC = YES;
				CLANG_WARN_BOOL_CONVERSION = YES;
				CLANG_WARN_CONSTANT_CONVERSION = YES;
				CLANG_WARN_DIRECT_OBJC_ISA_USAGE = YES_ERROR;
				CLANG_WARN_EMPTY_BODY = YES;
				CLANG_WARN_ENUM_CONVERSION = YES;
				CLANG_WARN_INT_CONVERSION = YES;
				CLANG_WARN_OBJC_ROOT_CLASS = YES_ERROR;
				CLANG_WARN_UNREACHABLE_CODE = YES;
				CLANG_WARN__DUPLICATE_METHOD_MATCH = YES;
				"CODE_SIGN_IDENTITY[sdk=iphoneos*]" = "iPhone Developer";
				COPY_PHASE_STRIP = NO;
				DEBUG_INFORMATION_FORMAT = dwarf;
				ENABLE_STRICT_OBJC_MSGSEND = YES;
				ENABLE_TESTABILITY = YES;
				GCC_C_LANGUAGE_STANDARD = gnu99;
				GCC_DYNAMIC_NO_PIC = NO;
				GCC_NO_COMMON_BLOCKS = YES;
				GCC_OPTIMIZATION_LEVEL = 0;
				GCC_PREPROCESSOR_DEFINITIONS = (
					"DEBUG=1",
					"$(inherited)",
				);
				GCC_WARN_64_TO_32_BIT_CONVERSION = YES;
				GCC_WARN_ABOUT_RETURN_TYPE = YES_ERROR;
				GCC_WARN_UNDECLARED_SELECTOR = YES;
				GCC_WARN_UNINITIALIZED_AUTOS = YES_AGGRESSIVE;
				GCC_WARN_UNUSED_FUNCTION = YES;
				GCC_WARN_UNUSED_VARIABLE = YES;
				IPHONEOS_DEPLOYMENT_TARGET = 9.3;
				MTL_ENABLE_DEBUG_INFO = YES;
				ONLY_ACTIVE_ARCH = YES;
				SDKROOT = iphoneos;
				SWIFT_OPTIMIZATION_LEVEL = "-Onone";
				TARGETED_DEVICE_FAMILY = "1,2";
			};
			name = Debug;
		};
		71547A911D752A4300264B67 /* Release */ = {
			isa = XCBuildConfiguration;
			buildSettings = {
				ALWAYS_SEARCH_USER_PATHS = NO;
				CLANG_ANALYZER_NONNULL = YES;
				CLANG_CXX_LANGUAGE_STANDARD = "gnu++0x";
				CLANG_CXX_LIBRARY = "libc++";
				CLANG_ENABLE_MODULES = YES;
				CLANG_ENABLE_OBJC_ARC = YES;
				CLANG_WARN_BOOL_CONVERSION = YES;
				CLANG_WARN_CONSTANT_CONVERSION = YES;
				CLANG_WARN_DIRECT_OBJC_ISA_USAGE = YES_ERROR;
				CLANG_WARN_EMPTY_BODY = YES;
				CLANG_WARN_ENUM_CONVERSION = YES;
				CLANG_WARN_INT_CONVERSION = YES;
				CLANG_WARN_OBJC_ROOT_CLASS = YES_ERROR;
				CLANG_WARN_UNREACHABLE_CODE = YES;
				CLANG_WARN__DUPLICATE_METHOD_MATCH = YES;
				"CODE_SIGN_IDENTITY[sdk=iphoneos*]" = "iPhone Developer";
				COPY_PHASE_STRIP = NO;
				DEBUG_INFORMATION_FORMAT = "dwarf-with-dsym";
				ENABLE_NS_ASSERTIONS = NO;
				ENABLE_STRICT_OBJC_MSGSEND = YES;
				GCC_C_LANGUAGE_STANDARD = gnu99;
				GCC_NO_COMMON_BLOCKS = YES;
				GCC_WARN_64_TO_32_BIT_CONVERSION = YES;
				GCC_WARN_ABOUT_RETURN_TYPE = YES_ERROR;
				GCC_WARN_UNDECLARED_SELECTOR = YES;
				GCC_WARN_UNINITIALIZED_AUTOS = YES_AGGRESSIVE;
				GCC_WARN_UNUSED_FUNCTION = YES;
				GCC_WARN_UNUSED_VARIABLE = YES;
				IPHONEOS_DEPLOYMENT_TARGET = 9.3;
				MTL_ENABLE_DEBUG_INFO = NO;
				SDKROOT = iphoneos;
				TARGETED_DEVICE_FAMILY = "1,2";
				VALIDATE_PRODUCT = YES;
			};
			name = Release;
		};
		71547A931D752A4300264B67 /* Debug */ = {
			isa = XCBuildConfiguration;
			buildSettings = {
				ASSETCATALOG_COMPILER_APPICON_NAME = AppIcon;
				INFOPLIST_FILE = BallClub/Info.plist;
				LD_RUNPATH_SEARCH_PATHS = "$(inherited) @executable_path/Frameworks";
				PRODUCT_BUNDLE_IDENTIFIER = com.fatalException.BallClub;
				PRODUCT_NAME = "$(TARGET_NAME)";
			};
			name = Debug;
		};
		71547A941D752A4300264B67 /* Release */ = {
			isa = XCBuildConfiguration;
			buildSettings = {
				ASSETCATALOG_COMPILER_APPICON_NAME = AppIcon;
				INFOPLIST_FILE = BallClub/Info.plist;
				LD_RUNPATH_SEARCH_PATHS = "$(inherited) @executable_path/Frameworks";
				PRODUCT_BUNDLE_IDENTIFIER = com.fatalException.BallClub;
				PRODUCT_NAME = "$(TARGET_NAME)";
			};
			name = Release;
		};
/* End XCBuildConfiguration section */

/* Begin XCConfigurationList section */
		71547A781D752A4300264B67 /* Build configuration list for PBXProject "BallClub" */ = {
			isa = XCConfigurationList;
			buildConfigurations = (
				71547A901D752A4300264B67 /* Debug */,
				71547A911D752A4300264B67 /* Release */,
			);
			defaultConfigurationIsVisible = 0;
			defaultConfigurationName = Release;
		};
		71547A921D752A4300264B67 /* Build configuration list for PBXNativeTarget "BallClub" */ = {
			isa = XCConfigurationList;
			buildConfigurations = (
				71547A931D752A4300264B67 /* Debug */,
				71547A941D752A4300264B67 /* Release */,
			);
			defaultConfigurationIsVisible = 0;
			defaultConfigurationName = Release;
		};
/* End XCConfigurationList section */

/* Begin XCVersionGroup section */
		71547A871D752A4300264B67 /* BallClub.xcdatamodeld */ = {
			isa = XCVersionGroup;
			children = (
				71547A881D752A4300264B67 /* BallClub.xcdatamodel */,
			);
			currentVersion = 71547A881D752A4300264B67 /* BallClub.xcdatamodel */;
			path = BallClub.xcdatamodeld;
			sourceTree = "<group>";
			versionGroupType = wrapper.xcdatamodel;
		};
/* End XCVersionGroup section */
	};
	rootObject = 71547A751D752A4300264B67 /* Project object */;
}
