// !$*UTF8*$!
{
	archiveVersion = 1;
	classes = {
	};
	objectVersion = 46;
	objects = {

/* Begin PBXBuildFile section */
		122FEB7C46A0B4F65C15FA00 /* Pods_BallClub.framework in Frameworks */ = {isa = PBXBuildFile; fileRef = AEDC7BDAF556A3E6BA96A607 /* Pods_BallClub.framework */; };
		4596239F1D7F0841008CDFAB /* FBSDKCoreKit.framework in Frameworks */ = {isa = PBXBuildFile; fileRef = 4596239C1D7F0841008CDFAB /* FBSDKCoreKit.framework */; };
		459623A01D7F0841008CDFAB /* FBSDKLoginKit.framework in Frameworks */ = {isa = PBXBuildFile; fileRef = 4596239D1D7F0841008CDFAB /* FBSDKLoginKit.framework */; };
		459623A11D7F0841008CDFAB /* FBSDKShareKit.framework in Frameworks */ = {isa = PBXBuildFile; fileRef = 4596239E1D7F0841008CDFAB /* FBSDKShareKit.framework */; };
		459623A31D7F14BE008CDFAB /* Bolts.framework in Frameworks */ = {isa = PBXBuildFile; fileRef = 459623A21D7F14BE008CDFAB /* Bolts.framework */; };
		713BFD621D76B3E000A49BC6 /* UserInviteCustomCell.swift in Sources */ = {isa = PBXBuildFile; fileRef = 713BFD601D76B3E000A49BC6 /* UserInviteCustomCell.swift */; };
		713BFD631D76B3E000A49BC6 /* UserInviteCustomCell.xib in Resources */ = {isa = PBXBuildFile; fileRef = 713BFD611D76B3E000A49BC6 /* UserInviteCustomCell.xib */; };
		713BFD661D76B42D00A49BC6 /* UserAddFriendCustomCell.swift in Sources */ = {isa = PBXBuildFile; fileRef = 713BFD641D76B42D00A49BC6 /* UserAddFriendCustomCell.swift */; };
		713BFD671D76B42D00A49BC6 /* UserAddFriendCustomCell.xib in Resources */ = {isa = PBXBuildFile; fileRef = 713BFD651D76B42D00A49BC6 /* UserAddFriendCustomCell.xib */; };
		713BFD6A1D76BB3900A49BC6 /* FriendStatusCustomCell.swift in Sources */ = {isa = PBXBuildFile; fileRef = 713BFD681D76BB3900A49BC6 /* FriendStatusCustomCell.swift */; };
		713BFD6B1D76BB3900A49BC6 /* FriendStatusCustomCell.xib in Resources */ = {isa = PBXBuildFile; fileRef = 713BFD691D76BB3900A49BC6 /* FriendStatusCustomCell.xib */; };
		714777A21D7FF1E300501492 /* FeedsCustomCell.swift in Sources */ = {isa = PBXBuildFile; fileRef = 714777A01D7FF1E300501492 /* FeedsCustomCell.swift */; };
		714777A31D7FF1E300501492 /* FeedsCustomCell.xib in Resources */ = {isa = PBXBuildFile; fileRef = 714777A11D7FF1E300501492 /* FeedsCustomCell.xib */; };
		714777A51D8000A700501492 /* CustomDateFormatter.swift in Sources */ = {isa = PBXBuildFile; fileRef = 714777A41D8000A700501492 /* CustomDateFormatter.swift */; };
		71547A811D752A4300264B67 /* AppDelegate.swift in Sources */ = {isa = PBXBuildFile; fileRef = 71547A801D752A4300264B67 /* AppDelegate.swift */; };
		71547A831D752A4300264B67 /* ViewController.swift in Sources */ = {isa = PBXBuildFile; fileRef = 71547A821D752A4300264B67 /* ViewController.swift */; };
		71547A891D752A4300264B67 /* BallClub.xcdatamodeld in Sources */ = {isa = PBXBuildFile; fileRef = 71547A871D752A4300264B67 /* BallClub.xcdatamodeld */; };
		71547A8B1D752A4300264B67 /* Assets.xcassets in Resources */ = {isa = PBXBuildFile; fileRef = 71547A8A1D752A4300264B67 /* Assets.xcassets */; };
		71547A8E1D752A4300264B67 /* LaunchScreen.storyboard in Resources */ = {isa = PBXBuildFile; fileRef = 71547A8C1D752A4300264B67 /* LaunchScreen.storyboard */; };
		71547A9D1D75346700264B67 /* Game.storyboard in Resources */ = {isa = PBXBuildFile; fileRef = 71547A9A1D75346700264B67 /* Game.storyboard */; };
		71547A9E1D75346700264B67 /* Login.storyboard in Resources */ = {isa = PBXBuildFile; fileRef = 71547A9B1D75346700264B67 /* Login.storyboard */; };
		71547A9F1D75346700264B67 /* Main.storyboard in Resources */ = {isa = PBXBuildFile; fileRef = 71547A9C1D75346700264B67 /* Main.storyboard */; };
		71547AA11D7534CD00264B67 /* Maps.storyboard in Resources */ = {isa = PBXBuildFile; fileRef = 71547AA01D7534CD00264B67 /* Maps.storyboard */; };
		71547AA31D7534F100264B67 /* User.storyboard in Resources */ = {isa = PBXBuildFile; fileRef = 71547AA21D7534F100264B67 /* User.storyboard */; };
		71547AFB1D753C0600264B67 /* GamesViewController.swift in Sources */ = {isa = PBXBuildFile; fileRef = 71547AFA1D753C0600264B67 /* GamesViewController.swift */; };
		71547AFD1D753C1200264B67 /* LoginViewController.swift in Sources */ = {isa = PBXBuildFile; fileRef = 71547AFC1D753C1200264B67 /* LoginViewController.swift */; };
		71547AFF1D753C1C00264B67 /* MapsViewController.swift in Sources */ = {isa = PBXBuildFile; fileRef = 71547AFE1D753C1C00264B67 /* MapsViewController.swift */; };
		71547B011D753C2900264B67 /* MessagingViewController.swift in Sources */ = {isa = PBXBuildFile; fileRef = 71547B001D753C2900264B67 /* MessagingViewController.swift */; };
		71547B031D753C3300264B67 /* UserViewController.swift in Sources */ = {isa = PBXBuildFile; fileRef = 71547B021D753C3300264B67 /* UserViewController.swift */; };
		71547B2B1D75949800264B67 /* CreateGameViewController.swift in Sources */ = {isa = PBXBuildFile; fileRef = 71547B2A1D75949800264B67 /* CreateGameViewController.swift */; };
		71547B301D76707100264B67 /* MainViewController.swift in Sources */ = {isa = PBXBuildFile; fileRef = 71547B2F1D76707100264B67 /* MainViewController.swift */; };
		715EA2601D791BEE002A19F8 /* TestClass.swift in Sources */ = {isa = PBXBuildFile; fileRef = 715EA25F1D791BEE002A19F8 /* TestClass.swift */; };
		71D4927C1D7D67BA00E07DDF /* Constants.swift in Sources */ = {isa = PBXBuildFile; fileRef = 71D4927B1D7D67BA00E07DDF /* Constants.swift */; };
		71D4927E1D7E908400E07DDF /* GameDetailViewController.swift in Sources */ = {isa = PBXBuildFile; fileRef = 71D4927D1D7E908400E07DDF /* GameDetailViewController.swift */; };
		71D492801D7E90C000E07DDF /* InvitedFriendsViewController.swift in Sources */ = {isa = PBXBuildFile; fileRef = 71D4927F1D7E90C000E07DDF /* InvitedFriendsViewController.swift */; };
		71D492821D7E926B00E07DDF /* InvitedFriendsCustomCell.swift in Sources */ = {isa = PBXBuildFile; fileRef = 71D492811D7E926B00E07DDF /* InvitedFriendsCustomCell.swift */; };
		71D492841D7E927B00E07DDF /* InvitedFriendsCustomCell.xib in Resources */ = {isa = PBXBuildFile; fileRef = 71D492831D7E927B00E07DDF /* InvitedFriendsCustomCell.xib */; };
		71D492881D7EB26800E07DDF /* PositionCustomButton.swift in Sources */ = {isa = PBXBuildFile; fileRef = 71D492871D7EB26800E07DDF /* PositionCustomButton.swift */; };
		BA1276171D7D426400CB66AC /* CreateProfileTableViewController.swift in Sources */ = {isa = PBXBuildFile; fileRef = BA1276161D7D426400CB66AC /* CreateProfileTableViewController.swift */; };
		BAC48B721D7FF12100A3F0DB /* EditProfileTableViewController.swift in Sources */ = {isa = PBXBuildFile; fileRef = BAC48B711D7FF12100A3F0DB /* EditProfileTableViewController.swift */; };
		BAEF2D181D76799F00660C8E /* SignUpViewController.swift in Sources */ = {isa = PBXBuildFile; fileRef = BAEF2D171D76799F00660C8E /* SignUpViewController.swift */; };
		FB8B217D1D7EAD2E00B462CA /* MapDetailViewController.swift in Sources */ = {isa = PBXBuildFile; fileRef = FB8B217C1D7EAD2E00B462CA /* MapDetailViewController.swift */; };
		FB8B217F1D7EBA9900B462CA /* MapAnnotations.swift in Sources */ = {isa = PBXBuildFile; fileRef = FB8B217E1D7EBA9900B462CA /* MapAnnotations.swift */; };
/* End PBXBuildFile section */

/* Begin PBXFileReference section */
		4596239C1D7F0841008CDFAB /* FBSDKCoreKit.framework */ = {isa = PBXFileReference; lastKnownFileType = wrapper.framework; path = FBSDKCoreKit.framework; sourceTree = "<group>"; };
		4596239D1D7F0841008CDFAB /* FBSDKLoginKit.framework */ = {isa = PBXFileReference; lastKnownFileType = wrapper.framework; path = FBSDKLoginKit.framework; sourceTree = "<group>"; };
		4596239E1D7F0841008CDFAB /* FBSDKShareKit.framework */ = {isa = PBXFileReference; lastKnownFileType = wrapper.framework; path = FBSDKShareKit.framework; sourceTree = "<group>"; };
		459623A21D7F14BE008CDFAB /* Bolts.framework */ = {isa = PBXFileReference; lastKnownFileType = wrapper.framework; path = Bolts.framework; sourceTree = "<group>"; };
		4C631140209D1C6A45139A88 /* Pods-BallClub.debug.xcconfig */ = {isa = PBXFileReference; includeInIndex = 1; lastKnownFileType = text.xcconfig; name = "Pods-BallClub.debug.xcconfig"; path = "Pods/Target Support Files/Pods-BallClub/Pods-BallClub.debug.xcconfig"; sourceTree = "<group>"; };
		713BFD601D76B3E000A49BC6 /* UserInviteCustomCell.swift */ = {isa = PBXFileReference; fileEncoding = 4; lastKnownFileType = sourcecode.swift; path = UserInviteCustomCell.swift; sourceTree = "<group>"; };
		713BFD611D76B3E000A49BC6 /* UserInviteCustomCell.xib */ = {isa = PBXFileReference; fileEncoding = 4; lastKnownFileType = file.xib; path = UserInviteCustomCell.xib; sourceTree = "<group>"; };
		713BFD641D76B42D00A49BC6 /* UserAddFriendCustomCell.swift */ = {isa = PBXFileReference; fileEncoding = 4; lastKnownFileType = sourcecode.swift; path = UserAddFriendCustomCell.swift; sourceTree = "<group>"; };
		713BFD651D76B42D00A49BC6 /* UserAddFriendCustomCell.xib */ = {isa = PBXFileReference; fileEncoding = 4; lastKnownFileType = file.xib; path = UserAddFriendCustomCell.xib; sourceTree = "<group>"; };
		713BFD681D76BB3900A49BC6 /* FriendStatusCustomCell.swift */ = {isa = PBXFileReference; fileEncoding = 4; lastKnownFileType = sourcecode.swift; path = FriendStatusCustomCell.swift; sourceTree = "<group>"; };
		713BFD691D76BB3900A49BC6 /* FriendStatusCustomCell.xib */ = {isa = PBXFileReference; fileEncoding = 4; lastKnownFileType = file.xib; path = FriendStatusCustomCell.xib; sourceTree = "<group>"; };
		714777A01D7FF1E300501492 /* FeedsCustomCell.swift */ = {isa = PBXFileReference; fileEncoding = 4; lastKnownFileType = sourcecode.swift; path = FeedsCustomCell.swift; sourceTree = "<group>"; };
		714777A11D7FF1E300501492 /* FeedsCustomCell.xib */ = {isa = PBXFileReference; fileEncoding = 4; lastKnownFileType = file.xib; path = FeedsCustomCell.xib; sourceTree = "<group>"; };
		714777A41D8000A700501492 /* CustomDateFormatter.swift */ = {isa = PBXFileReference; fileEncoding = 4; lastKnownFileType = sourcecode.swift; path = CustomDateFormatter.swift; sourceTree = "<group>"; };
		71547A7D1D752A4300264B67 /* BallClub.app */ = {isa = PBXFileReference; explicitFileType = wrapper.application; includeInIndex = 0; path = BallClub.app; sourceTree = BUILT_PRODUCTS_DIR; };
		71547A801D752A4300264B67 /* AppDelegate.swift */ = {isa = PBXFileReference; lastKnownFileType = sourcecode.swift; path = AppDelegate.swift; sourceTree = "<group>"; };
		71547A821D752A4300264B67 /* ViewController.swift */ = {isa = PBXFileReference; lastKnownFileType = sourcecode.swift; path = ViewController.swift; sourceTree = "<group>"; };
		71547A881D752A4300264B67 /* BallClub.xcdatamodel */ = {isa = PBXFileReference; lastKnownFileType = wrapper.xcdatamodel; path = BallClub.xcdatamodel; sourceTree = "<group>"; };
		71547A8A1D752A4300264B67 /* Assets.xcassets */ = {isa = PBXFileReference; lastKnownFileType = folder.assetcatalog; path = Assets.xcassets; sourceTree = "<group>"; };
		71547A8D1D752A4300264B67 /* Base */ = {isa = PBXFileReference; lastKnownFileType = file.storyboard; name = Base; path = Base.lproj/LaunchScreen.storyboard; sourceTree = "<group>"; };
		71547A8F1D752A4300264B67 /* Info.plist */ = {isa = PBXFileReference; lastKnownFileType = text.plist.xml; path = Info.plist; sourceTree = "<group>"; };
		71547A9A1D75346700264B67 /* Game.storyboard */ = {isa = PBXFileReference; fileEncoding = 4; lastKnownFileType = file.storyboard; path = Game.storyboard; sourceTree = "<group>"; };
		71547A9B1D75346700264B67 /* Login.storyboard */ = {isa = PBXFileReference; fileEncoding = 4; lastKnownFileType = file.storyboard; path = Login.storyboard; sourceTree = "<group>"; };
		71547A9C1D75346700264B67 /* Main.storyboard */ = {isa = PBXFileReference; fileEncoding = 4; lastKnownFileType = file.storyboard; path = Main.storyboard; sourceTree = "<group>"; };
		71547AA01D7534CD00264B67 /* Maps.storyboard */ = {isa = PBXFileReference; fileEncoding = 4; lastKnownFileType = file.storyboard; path = Maps.storyboard; sourceTree = "<group>"; };
		71547AA21D7534F100264B67 /* User.storyboard */ = {isa = PBXFileReference; fileEncoding = 4; lastKnownFileType = file.storyboard; path = User.storyboard; sourceTree = "<group>"; };
		71547AFA1D753C0600264B67 /* GamesViewController.swift */ = {isa = PBXFileReference; fileEncoding = 4; lastKnownFileType = sourcecode.swift; path = GamesViewController.swift; sourceTree = "<group>"; };
		71547AFC1D753C1200264B67 /* LoginViewController.swift */ = {isa = PBXFileReference; fileEncoding = 4; lastKnownFileType = sourcecode.swift; path = LoginViewController.swift; sourceTree = "<group>"; };
		71547AFE1D753C1C00264B67 /* MapsViewController.swift */ = {isa = PBXFileReference; fileEncoding = 4; lastKnownFileType = sourcecode.swift; path = MapsViewController.swift; sourceTree = "<group>"; };
		71547B001D753C2900264B67 /* MessagingViewController.swift */ = {isa = PBXFileReference; fileEncoding = 4; lastKnownFileType = sourcecode.swift; path = MessagingViewController.swift; sourceTree = "<group>"; };
		71547B021D753C3300264B67 /* UserViewController.swift */ = {isa = PBXFileReference; fileEncoding = 4; lastKnownFileType = sourcecode.swift; path = UserViewController.swift; sourceTree = "<group>"; };
		71547B2A1D75949800264B67 /* CreateGameViewController.swift */ = {isa = PBXFileReference; fileEncoding = 4; lastKnownFileType = sourcecode.swift; path = CreateGameViewController.swift; sourceTree = "<group>"; };
		71547B2F1D76707100264B67 /* MainViewController.swift */ = {isa = PBXFileReference; fileEncoding = 4; lastKnownFileType = sourcecode.swift; path = MainViewController.swift; sourceTree = "<group>"; };
		715EA25F1D791BEE002A19F8 /* TestClass.swift */ = {isa = PBXFileReference; fileEncoding = 4; lastKnownFileType = sourcecode.swift; path = TestClass.swift; sourceTree = "<group>"; };
		71D4927B1D7D67BA00E07DDF /* Constants.swift */ = {isa = PBXFileReference; fileEncoding = 4; lastKnownFileType = sourcecode.swift; path = Constants.swift; sourceTree = "<group>"; };
		71D4927D1D7E908400E07DDF /* GameDetailViewController.swift */ = {isa = PBXFileReference; fileEncoding = 4; lastKnownFileType = sourcecode.swift; path = GameDetailViewController.swift; sourceTree = "<group>"; };
		71D4927F1D7E90C000E07DDF /* InvitedFriendsViewController.swift */ = {isa = PBXFileReference; fileEncoding = 4; lastKnownFileType = sourcecode.swift; path = InvitedFriendsViewController.swift; sourceTree = "<group>"; };
		71D492811D7E926B00E07DDF /* InvitedFriendsCustomCell.swift */ = {isa = PBXFileReference; fileEncoding = 4; lastKnownFileType = sourcecode.swift; path = InvitedFriendsCustomCell.swift; sourceTree = "<group>"; };
		71D492831D7E927B00E07DDF /* InvitedFriendsCustomCell.xib */ = {isa = PBXFileReference; fileEncoding = 4; lastKnownFileType = file.xib; path = InvitedFriendsCustomCell.xib; sourceTree = "<group>"; };
		71D492871D7EB26800E07DDF /* PositionCustomButton.swift */ = {isa = PBXFileReference; fileEncoding = 4; lastKnownFileType = sourcecode.swift; path = PositionCustomButton.swift; sourceTree = "<group>"; };
		AEDC7BDAF556A3E6BA96A607 /* Pods_BallClub.framework */ = {isa = PBXFileReference; explicitFileType = wrapper.framework; includeInIndex = 0; path = Pods_BallClub.framework; sourceTree = BUILT_PRODUCTS_DIR; };
		BA1276161D7D426400CB66AC /* CreateProfileTableViewController.swift */ = {isa = PBXFileReference; fileEncoding = 4; lastKnownFileType = sourcecode.swift; path = CreateProfileTableViewController.swift; sourceTree = "<group>"; };
		BAC48B711D7FF12100A3F0DB /* EditProfileTableViewController.swift */ = {isa = PBXFileReference; fileEncoding = 4; lastKnownFileType = sourcecode.swift; path = EditProfileTableViewController.swift; sourceTree = "<group>"; };
		BAEF2D171D76799F00660C8E /* SignUpViewController.swift */ = {isa = PBXFileReference; fileEncoding = 4; lastKnownFileType = sourcecode.swift; path = SignUpViewController.swift; sourceTree = "<group>"; };
		EBB189F273D2A53EF45327A0 /* Pods-BallClub.release.xcconfig */ = {isa = PBXFileReference; includeInIndex = 1; lastKnownFileType = text.xcconfig; name = "Pods-BallClub.release.xcconfig"; path = "Pods/Target Support Files/Pods-BallClub/Pods-BallClub.release.xcconfig"; sourceTree = "<group>"; };
		FB8B217C1D7EAD2E00B462CA /* MapDetailViewController.swift */ = {isa = PBXFileReference; fileEncoding = 4; lastKnownFileType = sourcecode.swift; path = MapDetailViewController.swift; sourceTree = "<group>"; };
		FB8B217E1D7EBA9900B462CA /* MapAnnotations.swift */ = {isa = PBXFileReference; fileEncoding = 4; lastKnownFileType = sourcecode.swift; path = MapAnnotations.swift; sourceTree = "<group>"; };
/* End PBXFileReference section */

/* Begin PBXFrameworksBuildPhase section */
		71547A7A1D752A4300264B67 /* Frameworks */ = {
			isa = PBXFrameworksBuildPhase;
			buildActionMask = 2147483647;
			files = (
				459623A31D7F14BE008CDFAB /* Bolts.framework in Frameworks */,
				459623A11D7F0841008CDFAB /* FBSDKShareKit.framework in Frameworks */,
				122FEB7C46A0B4F65C15FA00 /* Pods_BallClub.framework in Frameworks */,
				4596239F1D7F0841008CDFAB /* FBSDKCoreKit.framework in Frameworks */,
				459623A01D7F0841008CDFAB /* FBSDKLoginKit.framework in Frameworks */,
			);
			runOnlyForDeploymentPostprocessing = 0;
		};
/* End PBXFrameworksBuildPhase section */

/* Begin PBXGroup section */
		5D07ADDEE5F1323F38688E8C /* Pods */ = {
			isa = PBXGroup;
			children = (
				4C631140209D1C6A45139A88 /* Pods-BallClub.debug.xcconfig */,
				EBB189F273D2A53EF45327A0 /* Pods-BallClub.release.xcconfig */,
			);
			name = Pods;
			sourceTree = "<group>";
		};
		71547A741D752A4300264B67 = {
			isa = PBXGroup;
			children = (
				71547A7F1D752A4300264B67 /* BallClub */,
				71547A7E1D752A4300264B67 /* Products */,
				5D07ADDEE5F1323F38688E8C /* Pods */,
				C440A7AABB070C2B915D4808 /* Frameworks */,
			);
			sourceTree = "<group>";
		};
		71547A7E1D752A4300264B67 /* Products */ = {
			isa = PBXGroup;
			children = (
				71547A7D1D752A4300264B67 /* BallClub.app */,
			);
			name = Products;
			sourceTree = "<group>";
		};
		71547A7F1D752A4300264B67 /* BallClub */ = {
			isa = PBXGroup;
			children = (
				71547A991D75346700264B67 /* Storyboards */,
				71547AF71D753A9A00264B67 /* Models */,
				71547AEF1D753A9A00264B67 /* Controllers */,
				71547AF61D753A9A00264B67 /* Custom Views */,
				71547A801D752A4300264B67 /* AppDelegate.swift */,
				71547A821D752A4300264B67 /* ViewController.swift */,
				71547A8A1D752A4300264B67 /* Assets.xcassets */,
				71547A8C1D752A4300264B67 /* LaunchScreen.storyboard */,
				71547A8F1D752A4300264B67 /* Info.plist */,
				71547A871D752A4300264B67 /* BallClub.xcdatamodeld */,
				715EA25F1D791BEE002A19F8 /* TestClass.swift */,
			);
			path = BallClub;
			sourceTree = "<group>";
		};
		71547A991D75346700264B67 /* Storyboards */ = {
			isa = PBXGroup;
			children = (
				71547A9A1D75346700264B67 /* Game.storyboard */,
				71547A9B1D75346700264B67 /* Login.storyboard */,
				71547A9C1D75346700264B67 /* Main.storyboard */,
				71547AA01D7534CD00264B67 /* Maps.storyboard */,
				71547AA21D7534F100264B67 /* User.storyboard */,
			);
			path = Storyboards;
			sourceTree = "<group>";
		};
		71547AEF1D753A9A00264B67 /* Controllers */ = {
			isa = PBXGroup;
			children = (
				71547B2C1D766FCB00264B67 /* Main */,
				71547AF11D753A9A00264B67 /* Games */,
				71547AF21D753A9A00264B67 /* Login */,
				71547AF31D753A9A00264B67 /* Maps */,
				71547AF41D753A9A00264B67 /* Messaging */,
				71547AF51D753A9A00264B67 /* User */,
			);
			path = Controllers;
			sourceTree = "<group>";
		};
		71547AF11D753A9A00264B67 /* Games */ = {
			isa = PBXGroup;
			children = (
				71547AFA1D753C0600264B67 /* GamesViewController.swift */,
				71547B2A1D75949800264B67 /* CreateGameViewController.swift */,
				71D4927D1D7E908400E07DDF /* GameDetailViewController.swift */,
				71D4927F1D7E90C000E07DDF /* InvitedFriendsViewController.swift */,
			);
			path = Games;
			sourceTree = "<group>";
		};
		71547AF21D753A9A00264B67 /* Login */ = {
			isa = PBXGroup;
			children = (
				71547AFC1D753C1200264B67 /* LoginViewController.swift */,
				BAEF2D171D76799F00660C8E /* SignUpViewController.swift */,
				BA1276161D7D426400CB66AC /* CreateProfileTableViewController.swift */,
			);
			path = Login;
			sourceTree = "<group>";
		};
		71547AF31D753A9A00264B67 /* Maps */ = {
			isa = PBXGroup;
			children = (
				71547AFE1D753C1C00264B67 /* MapsViewController.swift */,
				FB8B217C1D7EAD2E00B462CA /* MapDetailViewController.swift */,
				FB8B217E1D7EBA9900B462CA /* MapAnnotations.swift */,
			);
			path = Maps;
			sourceTree = "<group>";
		};
		71547AF41D753A9A00264B67 /* Messaging */ = {
			isa = PBXGroup;
			children = (
				71547B001D753C2900264B67 /* MessagingViewController.swift */,
			);
			path = Messaging;
			sourceTree = "<group>";
		};
		71547AF51D753A9A00264B67 /* User */ = {
			isa = PBXGroup;
			children = (
				71547B021D753C3300264B67 /* UserViewController.swift */,
				BAC48B711D7FF12100A3F0DB /* EditProfileTableViewController.swift */,
			);
			path = User;
			sourceTree = "<group>";
		};
		71547AF61D753A9A00264B67 /* Custom Views */ = {
			isa = PBXGroup;
			children = (
				71D492761D7D662000E07DDF /* Main */,
				71547B051D75604000264B67 /* Games */,
				71547B061D75604000264B67 /* Login */,
				71547B071D75604000264B67 /* Maps */,
				71547B081D75604000264B67 /* User */,
			);
			path = "Custom Views";
			sourceTree = "<group>";
		};
		71547AF71D753A9A00264B67 /* Models */ = {
			isa = PBXGroup;
			children = (
			);
			path = Models;
			sourceTree = "<group>";
		};
		71547B051D75604000264B67 /* Games */ = {
			isa = PBXGroup;
			children = (
				714777A01D7FF1E300501492 /* FeedsCustomCell.swift */,
				714777A11D7FF1E300501492 /* FeedsCustomCell.xib */,
				71D492811D7E926B00E07DDF /* InvitedFriendsCustomCell.swift */,
				71D492831D7E927B00E07DDF /* InvitedFriendsCustomCell.xib */,
			);
			path = Games;
			sourceTree = "<group>";
		};
		71547B061D75604000264B67 /* Login */ = {
			isa = PBXGroup;
			children = (
				71D492871D7EB26800E07DDF /* PositionCustomButton.swift */,
			);
			path = Login;
			sourceTree = "<group>";
		};
		71547B071D75604000264B67 /* Maps */ = {
			isa = PBXGroup;
			children = (
			);
			path = Maps;
			sourceTree = "<group>";
		};
		71547B081D75604000264B67 /* User */ = {
			isa = PBXGroup;
			children = (
				713BFD601D76B3E000A49BC6 /* UserInviteCustomCell.swift */,
				713BFD611D76B3E000A49BC6 /* UserInviteCustomCell.xib */,
				713BFD641D76B42D00A49BC6 /* UserAddFriendCustomCell.swift */,
				713BFD651D76B42D00A49BC6 /* UserAddFriendCustomCell.xib */,
				713BFD681D76BB3900A49BC6 /* FriendStatusCustomCell.swift */,
				713BFD691D76BB3900A49BC6 /* FriendStatusCustomCell.xib */,
			);
			path = User;
			sourceTree = "<group>";
		};
		71547B2C1D766FCB00264B67 /* Main */ = {
			isa = PBXGroup;
			children = (
				71547B2F1D76707100264B67 /* MainViewController.swift */,
			);
			path = Main;
			sourceTree = "<group>";
		};
		71D492761D7D662000E07DDF /* Main */ = {
			isa = PBXGroup;
			children = (
				71D4927B1D7D67BA00E07DDF /* Constants.swift */,
				714777A41D8000A700501492 /* CustomDateFormatter.swift */,
			);
			path = Main;
			sourceTree = "<group>";
		};
		C440A7AABB070C2B915D4808 /* Frameworks */ = {
			isa = PBXGroup;
			children = (
				459623A21D7F14BE008CDFAB /* Bolts.framework */,
				4596239C1D7F0841008CDFAB /* FBSDKCoreKit.framework */,
				4596239D1D7F0841008CDFAB /* FBSDKLoginKit.framework */,
				4596239E1D7F0841008CDFAB /* FBSDKShareKit.framework */,
				AEDC7BDAF556A3E6BA96A607 /* Pods_BallClub.framework */,
			);
			name = Frameworks;
			sourceTree = "<group>";
		};
/* End PBXGroup section */

/* Begin PBXNativeTarget section */
		71547A7C1D752A4300264B67 /* BallClub */ = {
			isa = PBXNativeTarget;
			buildConfigurationList = 71547A921D752A4300264B67 /* Build configuration list for PBXNativeTarget "BallClub" */;
			buildPhases = (
				DDC5559F04261194D861C049 /* [CP] Check Pods Manifest.lock */,
				71547A791D752A4300264B67 /* Sources */,
				71547A7A1D752A4300264B67 /* Frameworks */,
				71547A7B1D752A4300264B67 /* Resources */,
				8BD5946D10859DD8D0EAD184 /* [CP] Embed Pods Frameworks */,
				5E376C26AAD725A2222644AB /* [CP] Copy Pods Resources */,
			);
			buildRules = (
			);
			dependencies = (
			);
			name = BallClub;
			productName = BallClub;
			productReference = 71547A7D1D752A4300264B67 /* BallClub.app */;
			productType = "com.apple.product-type.application";
		};
/* End PBXNativeTarget section */

/* Begin PBXProject section */
		71547A751D752A4300264B67 /* Project object */ = {
			isa = PBXProject;
			attributes = {
				LastSwiftUpdateCheck = 0730;
				LastUpgradeCheck = 0730;
				ORGANIZATIONNAME = "Geraldine Forto";
				TargetAttributes = {
					71547A7C1D752A4300264B67 = {
						CreatedOnToolsVersion = 7.3;
					};
				};
			};
			buildConfigurationList = 71547A781D752A4300264B67 /* Build configuration list for PBXProject "BallClub" */;
			compatibilityVersion = "Xcode 3.2";
			developmentRegion = English;
			hasScannedForEncodings = 0;
			knownRegions = (
				en,
				Base,
			);
			mainGroup = 71547A741D752A4300264B67;
			productRefGroup = 71547A7E1D752A4300264B67 /* Products */;
			projectDirPath = "";
			projectRoot = "";
			targets = (
				71547A7C1D752A4300264B67 /* BallClub */,
			);
		};
/* End PBXProject section */

/* Begin PBXResourcesBuildPhase section */
		71547A7B1D752A4300264B67 /* Resources */ = {
			isa = PBXResourcesBuildPhase;
			buildActionMask = 2147483647;
			files = (
				71547A9D1D75346700264B67 /* Game.storyboard in Resources */,
				71547AA11D7534CD00264B67 /* Maps.storyboard in Resources */,
				713BFD671D76B42D00A49BC6 /* UserAddFriendCustomCell.xib in Resources */,
				71547A8E1D752A4300264B67 /* LaunchScreen.storyboard in Resources */,
				713BFD6B1D76BB3900A49BC6 /* FriendStatusCustomCell.xib in Resources */,
				71D492841D7E927B00E07DDF /* InvitedFriendsCustomCell.xib in Resources */,
				714777A31D7FF1E300501492 /* FeedsCustomCell.xib in Resources */,
				713BFD631D76B3E000A49BC6 /* UserInviteCustomCell.xib in Resources */,
				71547A8B1D752A4300264B67 /* Assets.xcassets in Resources */,
				71547A9F1D75346700264B67 /* Main.storyboard in Resources */,
				71547AA31D7534F100264B67 /* User.storyboard in Resources */,
				71547A9E1D75346700264B67 /* Login.storyboard in Resources */,
			);
			runOnlyForDeploymentPostprocessing = 0;
		};
/* End PBXResourcesBuildPhase section */

/* Begin PBXShellScriptBuildPhase section */
		5E376C26AAD725A2222644AB /* [CP] Copy Pods Resources */ = {
			isa = PBXShellScriptBuildPhase;
			buildActionMask = 2147483647;
			files = (
			);
			inputPaths = (
			);
			name = "[CP] Copy Pods Resources";
			outputPaths = (
			);
			runOnlyForDeploymentPostprocessing = 0;
			shellPath = /bin/sh;
			shellScript = "\"${SRCROOT}/Pods/Target Support Files/Pods-BallClub/Pods-BallClub-resources.sh\"\n";
			showEnvVarsInLog = 0;
		};
		8BD5946D10859DD8D0EAD184 /* [CP] Embed Pods Frameworks */ = {
			isa = PBXShellScriptBuildPhase;
			buildActionMask = 2147483647;
			files = (
			);
			inputPaths = (
			);
			name = "[CP] Embed Pods Frameworks";
			outputPaths = (
			);
			runOnlyForDeploymentPostprocessing = 0;
			shellPath = /bin/sh;
			shellScript = "\"${SRCROOT}/Pods/Target Support Files/Pods-BallClub/Pods-BallClub-frameworks.sh\"\n";
			showEnvVarsInLog = 0;
		};
		DDC5559F04261194D861C049 /* [CP] Check Pods Manifest.lock */ = {
			isa = PBXShellScriptBuildPhase;
			buildActionMask = 2147483647;
			files = (
			);
			inputPaths = (
			);
			name = "[CP] Check Pods Manifest.lock";
			outputPaths = (
			);
			runOnlyForDeploymentPostprocessing = 0;
			shellPath = /bin/sh;
			shellScript = "diff \"${PODS_ROOT}/../Podfile.lock\" \"${PODS_ROOT}/Manifest.lock\" > /dev/null\nif [[ $? != 0 ]] ; then\n    cat << EOM\nerror: The sandbox is not in sync with the Podfile.lock. Run 'pod install' or update your CocoaPods installation.\nEOM\n    exit 1\nfi\n";
			showEnvVarsInLog = 0;
		};
/* End PBXShellScriptBuildPhase section */

/* Begin PBXSourcesBuildPhase section */
		71547A791D752A4300264B67 /* Sources */ = {
			isa = PBXSourcesBuildPhase;
			buildActionMask = 2147483647;
			files = (
				715EA2601D791BEE002A19F8 /* TestClass.swift in Sources */,
				71D492821D7E926B00E07DDF /* InvitedFriendsCustomCell.swift in Sources */,
				71547AFD1D753C1200264B67 /* LoginViewController.swift in Sources */,
				714777A51D8000A700501492 /* CustomDateFormatter.swift in Sources */,
				71D4927C1D7D67BA00E07DDF /* Constants.swift in Sources */,
				71547B301D76707100264B67 /* MainViewController.swift in Sources */,
				71547B031D753C3300264B67 /* UserViewController.swift in Sources */,
				71547A831D752A4300264B67 /* ViewController.swift in Sources */,
				71547AFF1D753C1C00264B67 /* MapsViewController.swift in Sources */,
				71547B2B1D75949800264B67 /* CreateGameViewController.swift in Sources */,
				713BFD621D76B3E000A49BC6 /* UserInviteCustomCell.swift in Sources */,
				BAC48B721D7FF12100A3F0DB /* EditProfileTableViewController.swift in Sources */,
				BAEF2D181D76799F00660C8E /* SignUpViewController.swift in Sources */,
				71D492881D7EB26800E07DDF /* PositionCustomButton.swift in Sources */,
				71547A811D752A4300264B67 /* AppDelegate.swift in Sources */,
				71547B011D753C2900264B67 /* MessagingViewController.swift in Sources */,
				71547A891D752A4300264B67 /* BallClub.xcdatamodeld in Sources */,
				71D492801D7E90C000E07DDF /* InvitedFriendsViewController.swift in Sources */,
				BA1276171D7D426400CB66AC /* CreateProfileTableViewController.swift in Sources */,
				713BFD6A1D76BB3900A49BC6 /* FriendStatusCustomCell.swift in Sources */,
				714777A21D7FF1E300501492 /* FeedsCustomCell.swift in Sources */,
				FB8B217D1D7EAD2E00B462CA /* MapDetailViewController.swift in Sources */,
				FB8B217F1D7EBA9900B462CA /* MapAnnotations.swift in Sources */,
				71D4927E1D7E908400E07DDF /* GameDetailViewController.swift in Sources */,
				71547AFB1D753C0600264B67 /* GamesViewController.swift in Sources */,
				713BFD661D76B42D00A49BC6 /* UserAddFriendCustomCell.swift in Sources */,
			);
			runOnlyForDeploymentPostprocessing = 0;
		};
/* End PBXSourcesBuildPhase section */

/* Begin PBXVariantGroup section */
		71547A8C1D752A4300264B67 /* LaunchScreen.storyboard */ = {
			isa = PBXVariantGroup;
			children = (
				71547A8D1D752A4300264B67 /* Base */,
			);
			name = LaunchScreen.storyboard;
			sourceTree = "<group>";
		};
/* End PBXVariantGroup section */

/* Begin XCBuildConfiguration section */
		71547A901D752A4300264B67 /* Debug */ = {
			isa = XCBuildConfiguration;
			buildSettings = {
				ALWAYS_SEARCH_USER_PATHS = NO;
				CLANG_ANALYZER_NONNULL = YES;
				CLANG_CXX_LANGUAGE_STANDARD = "gnu++0x";
				CLANG_CXX_LIBRARY = "libc++";
				CLANG_ENABLE_MODULES = YES;
				CLANG_ENABLE_OBJC_ARC = YES;
				CLANG_WARN_BOOL_CONVERSION = YES;
				CLANG_WARN_CONSTANT_CONVERSION = YES;
				CLANG_WARN_DIRECT_OBJC_ISA_USAGE = YES_ERROR;
				CLANG_WARN_EMPTY_BODY = YES;
				CLANG_WARN_ENUM_CONVERSION = YES;
				CLANG_WARN_INT_CONVERSION = YES;
				CLANG_WARN_OBJC_ROOT_CLASS = YES_ERROR;
				CLANG_WARN_UNREACHABLE_CODE = YES;
				CLANG_WARN__DUPLICATE_METHOD_MATCH = YES;
				"CODE_SIGN_IDENTITY[sdk=iphoneos*]" = "iPhone Developer";
				COPY_PHASE_STRIP = NO;
				DEBUG_INFORMATION_FORMAT = dwarf;
				ENABLE_STRICT_OBJC_MSGSEND = YES;
				ENABLE_TESTABILITY = YES;
				GCC_C_LANGUAGE_STANDARD = gnu99;
				GCC_DYNAMIC_NO_PIC = NO;
				GCC_NO_COMMON_BLOCKS = YES;
				GCC_OPTIMIZATION_LEVEL = 0;
				GCC_PREPROCESSOR_DEFINITIONS = (
					"DEBUG=1",
					"$(inherited)",
				);
				GCC_WARN_64_TO_32_BIT_CONVERSION = YES;
				GCC_WARN_ABOUT_RETURN_TYPE = YES_ERROR;
				GCC_WARN_UNDECLARED_SELECTOR = YES;
				GCC_WARN_UNINITIALIZED_AUTOS = YES_AGGRESSIVE;
				GCC_WARN_UNUSED_FUNCTION = YES;
				GCC_WARN_UNUSED_VARIABLE = YES;
				IPHONEOS_DEPLOYMENT_TARGET = 9.3;
				MTL_ENABLE_DEBUG_INFO = YES;
				ONLY_ACTIVE_ARCH = YES;
				SDKROOT = iphoneos;
				SWIFT_OPTIMIZATION_LEVEL = "-Onone";
				TARGETED_DEVICE_FAMILY = "1,2";
			};
			name = Debug;
		};
		71547A911D752A4300264B67 /* Release */ = {
			isa = XCBuildConfiguration;
			buildSettings = {
				ALWAYS_SEARCH_USER_PATHS = NO;
				CLANG_ANALYZER_NONNULL = YES;
				CLANG_CXX_LANGUAGE_STANDARD = "gnu++0x";
				CLANG_CXX_LIBRARY = "libc++";
				CLANG_ENABLE_MODULES = YES;
				CLANG_ENABLE_OBJC_ARC = YES;
				CLANG_WARN_BOOL_CONVERSION = YES;
				CLANG_WARN_CONSTANT_CONVERSION = YES;
				CLANG_WARN_DIRECT_OBJC_ISA_USAGE = YES_ERROR;
				CLANG_WARN_EMPTY_BODY = YES;
				CLANG_WARN_ENUM_CONVERSION = YES;
				CLANG_WARN_INT_CONVERSION = YES;
				CLANG_WARN_OBJC_ROOT_CLASS = YES_ERROR;
				CLANG_WARN_UNREACHABLE_CODE = YES;
				CLANG_WARN__DUPLICATE_METHOD_MATCH = YES;
				"CODE_SIGN_IDENTITY[sdk=iphoneos*]" = "iPhone Developer";
				COPY_PHASE_STRIP = NO;
				DEBUG_INFORMATION_FORMAT = "dwarf-with-dsym";
				ENABLE_NS_ASSERTIONS = NO;
				ENABLE_STRICT_OBJC_MSGSEND = YES;
				GCC_C_LANGUAGE_STANDARD = gnu99;
				GCC_NO_COMMON_BLOCKS = YES;
				GCC_WARN_64_TO_32_BIT_CONVERSION = YES;
				GCC_WARN_ABOUT_RETURN_TYPE = YES_ERROR;
				GCC_WARN_UNDECLARED_SELECTOR = YES;
				GCC_WARN_UNINITIALIZED_AUTOS = YES_AGGRESSIVE;
				GCC_WARN_UNUSED_FUNCTION = YES;
				GCC_WARN_UNUSED_VARIABLE = YES;
				IPHONEOS_DEPLOYMENT_TARGET = 9.3;
				MTL_ENABLE_DEBUG_INFO = NO;
				SDKROOT = iphoneos;
				TARGETED_DEVICE_FAMILY = "1,2";
				VALIDATE_PRODUCT = YES;
			};
			name = Release;
		};
		71547A931D752A4300264B67 /* Debug */ = {
			isa = XCBuildConfiguration;
			baseConfigurationReference = 4C631140209D1C6A45139A88 /* Pods-BallClub.debug.xcconfig */;
			buildSettings = {
				ASSETCATALOG_COMPILER_APPICON_NAME = AppIcon;
				CLANG_ENABLE_MODULES = YES;
				FRAMEWORK_SEARCH_PATHS = (
					"$(inherited)",
					"$(PROJECT_DIR)",
				);
				INFOPLIST_FILE = BallClub/Info.plist;
				LD_RUNPATH_SEARCH_PATHS = "$(inherited) @executable_path/Frameworks $(PROJECT_DIR)/BallClub/BallClub/";
				PRODUCT_BUNDLE_IDENTIFIER = com.fatalException.BallClub;
				PRODUCT_NAME = "$(TARGET_NAME)";
				SWIFT_OBJC_BRIDGING_HEADER = "";
				SWIFT_OPTIMIZATION_LEVEL = "-Onone";
			};
			name = Debug;
		};
		71547A941D752A4300264B67 /* Release */ = {
			isa = XCBuildConfiguration;
			baseConfigurationReference = EBB189F273D2A53EF45327A0 /* Pods-BallClub.release.xcconfig */;
			buildSettings = {
				ASSETCATALOG_COMPILER_APPICON_NAME = AppIcon;
				CLANG_ENABLE_MODULES = YES;
				FRAMEWORK_SEARCH_PATHS = (
					"$(inherited)",
					"$(PROJECT_DIR)",
					"$(PROJECT_DIR)/BallClub/BallClub/",
				);
				INFOPLIST_FILE = BallClub/Info.plist;
				LD_RUNPATH_SEARCH_PATHS = "$(inherited) @executable_path/Frameworks $(PROJECT_DIR)/BallClub/BallClub/";
				PRODUCT_BUNDLE_IDENTIFIER = com.fatalException.BallClub;
				PRODUCT_NAME = "$(TARGET_NAME)";
				SWIFT_OBJC_BRIDGING_HEADER = "";
			};
			name = Release;
		};
/* End XCBuildConfiguration section */

/* Begin XCConfigurationList section */
		71547A781D752A4300264B67 /* Build configuration list for PBXProject "BallClub" */ = {
			isa = XCConfigurationList;
			buildConfigurations = (
				71547A901D752A4300264B67 /* Debug */,
				71547A911D752A4300264B67 /* Release */,
			);
			defaultConfigurationIsVisible = 0;
			defaultConfigurationName = Release;
		};
		71547A921D752A4300264B67 /* Build configuration list for PBXNativeTarget "BallClub" */ = {
			isa = XCConfigurationList;
			buildConfigurations = (
				71547A931D752A4300264B67 /* Debug */,
				71547A941D752A4300264B67 /* Release */,
			);
			defaultConfigurationIsVisible = 0;
			defaultConfigurationName = Release;
		};
/* End XCConfigurationList section */

/* Begin XCVersionGroup section */
		71547A871D752A4300264B67 /* BallClub.xcdatamodeld */ = {
			isa = XCVersionGroup;
			children = (
				71547A881D752A4300264B67 /* BallClub.xcdatamodel */,
			);
			currentVersion = 71547A881D752A4300264B67 /* BallClub.xcdatamodel */;
			path = BallClub.xcdatamodeld;
			sourceTree = "<group>";
			versionGroupType = wrapper.xcdatamodel;
		};
/* End XCVersionGroup section */
	};
	rootObject = 71547A751D752A4300264B67 /* Project object */;
}
